{
  "name": "poocano",
  "version": "2.1.5",
  "lockfileVersion": 3,
  "requires": true,
  "packages": {
    "": {
      "name": "poocano",
      "version": "2.1.5",
      "devDependencies": {
        "@tauri-apps/cli": "^2.0.0-beta.11"
      }
    },
    "node_modules/@tauri-apps/cli": {
      "version": "2.0.0-beta.11",
      "resolved": "https://registry.npmjs.org/@tauri-apps/cli/-/cli-2.0.0-beta.11.tgz",
      "integrity": "sha512-Q9mfn6v3XjnbNZpZl2IucU5F5EXW4i7vaN8Enm4kybIBk0tBqXbbc9p71CFJohe2lyvI0twHy7CcfhHNZnGrDw==",
      "dev": true,
      "bin": {
        "tauri": "tauri.js"
      },
      "engines": {
        "node": ">= 10"
      },
      "funding": {
        "type": "opencollective",
        "url": "https://opencollective.com/tauri"
      },
      "optionalDependencies": {
        "@tauri-apps/cli-darwin-arm64": "2.0.0-beta.11",
        "@tauri-apps/cli-darwin-x64": "2.0.0-beta.11",
        "@tauri-apps/cli-linux-arm-gnueabihf": "2.0.0-beta.11",
        "@tauri-apps/cli-linux-arm64-gnu": "2.0.0-beta.11",
        "@tauri-apps/cli-linux-arm64-musl": "2.0.0-beta.11",
        "@tauri-apps/cli-linux-x64-gnu": "2.0.0-beta.11",
        "@tauri-apps/cli-linux-x64-musl": "2.0.0-beta.11",
        "@tauri-apps/cli-win32-arm64-msvc": "2.0.0-beta.11",
        "@tauri-apps/cli-win32-ia32-msvc": "2.0.0-beta.11",
        "@tauri-apps/cli-win32-x64-msvc": "2.0.0-beta.11"
      }
    },
    "node_modules/@tauri-apps/cli-darwin-arm64": {
      "version": "2.0.0-beta.11",
      "resolved": "https://registry.npmjs.org/@tauri-apps/cli-darwin-arm64/-/cli-darwin-arm64-2.0.0-beta.11.tgz",
      "integrity": "sha512-gry05NbWnTSDVJjlHb0JOh/QikG+c/O8/QSolz0scO4i+Y0ke5QhpmtXCQVS9REoxX2ncei0/MpqL7tZHaPSyw==",
      "cpu": [
        "arm64"
      ],
      "dev": true,
      "optional": true,
      "os": [
        "darwin"
      ],
      "engines": {
        "node": ">= 10"
      }
    },
    "node_modules/@tauri-apps/cli-darwin-x64": {
      "version": "2.0.0-beta.11",
      "resolved": "https://registry.npmjs.org/@tauri-apps/cli-darwin-x64/-/cli-darwin-x64-2.0.0-beta.11.tgz",
      "integrity": "sha512-3nQTiLAeJBjPHTobVpF+dDxtqrK5Euzaj2ZdOcs5wZLOFzKcV3HXPwBO7n40ACL71g7RREzuvCx92yGC/txdfw==",
      "cpu": [
        "x64"
      ],
      "dev": true,
      "optional": true,
      "os": [
        "darwin"
      ],
      "engines": {
        "node": ">= 10"
      }
    },
    "node_modules/@tauri-apps/cli-linux-arm-gnueabihf": {
      "version": "2.0.0-beta.11",
      "resolved": "https://registry.npmjs.org/@tauri-apps/cli-linux-arm-gnueabihf/-/cli-linux-arm-gnueabihf-2.0.0-beta.11.tgz",
      "integrity": "sha512-Ucbr/ErIRfk5GDUb4hQVic/0ss+5KO1wLq3Dp6QR/h/ms4kS3ihMJiIFCIzGhsavNhPRDk2dDi35M9BNgiUW0Q==",
      "cpu": [
        "arm"
      ],
      "dev": true,
      "optional": true,
      "os": [
        "linux"
      ],
      "engines": {
        "node": ">= 10"
      }
    },
    "node_modules/@tauri-apps/cli-linux-arm64-gnu": {
      "version": "2.0.0-beta.11",
      "resolved": "https://registry.npmjs.org/@tauri-apps/cli-linux-arm64-gnu/-/cli-linux-arm64-gnu-2.0.0-beta.11.tgz",
      "integrity": "sha512-wSWu+paay91d6/FPb8tS/UOtyei0dX98edYVO0GXd4KePsvu9ZkzXr1HAOeY0UG+P0Z7SIrSw9TnDc2HnGyRmg==",
      "cpu": [
        "arm64"
      ],
      "dev": true,
      "optional": true,
      "os": [
        "linux"
      ],
      "engines": {
        "node": ">= 10"
      }
    },
    "node_modules/@tauri-apps/cli-linux-arm64-musl": {
      "version": "2.0.0-beta.11",
      "resolved": "https://registry.npmjs.org/@tauri-apps/cli-linux-arm64-musl/-/cli-linux-arm64-musl-2.0.0-beta.11.tgz",
      "integrity": "sha512-9P4UDsYbriXcPhfeOd0e4xmjd2XN1nkxnJlRPBc9tlLEHnzuXnYGQ/sFtUII4CkSnqeU7qPm44txxWoV44/T4A==",
      "cpu": [
        "arm64"
      ],
      "dev": true,
      "optional": true,
      "os": [
        "linux"
      ],
      "engines": {
        "node": ">= 10"
      }
    },
    "node_modules/@tauri-apps/cli-linux-x64-gnu": {
      "version": "2.0.0-beta.11",
      "resolved": "https://registry.npmjs.org/@tauri-apps/cli-linux-x64-gnu/-/cli-linux-x64-gnu-2.0.0-beta.11.tgz",
      "integrity": "sha512-gYH8ear0rCOIi4oSCxRLClDmGs3HwvH3fr0go0Hi5ang/xu8CbwjgaQVOWW1nEpY7uckhKt4vSmO5p6iFEY01w==",
      "cpu": [
        "x64"
      ],
      "dev": true,
      "optional": true,
      "os": [
        "linux"
      ],
      "engines": {
        "node": ">= 10"
      }
    },
    "node_modules/@tauri-apps/cli-linux-x64-musl": {
      "version": "2.0.0-beta.11",
      "resolved": "https://registry.npmjs.org/@tauri-apps/cli-linux-x64-musl/-/cli-linux-x64-musl-2.0.0-beta.11.tgz",
      "integrity": "sha512-bxLzF7SW7j8C/Qc5P8AR+rEtJWoHc00V9FZuT259tOo6LHJsSUUFCk4kA/Y7mt2/9SzVXNbo4qu0NngSQsYncg==",
      "cpu": [
        "x64"
      ],
      "dev": true,
      "optional": true,
      "os": [
        "linux"
      ],
      "engines": {
        "node": ">= 10"
      }
    },
    "node_modules/@tauri-apps/cli-win32-arm64-msvc": {
      "version": "2.0.0-beta.11",
      "resolved": "https://registry.npmjs.org/@tauri-apps/cli-win32-arm64-msvc/-/cli-win32-arm64-msvc-2.0.0-beta.11.tgz",
      "integrity": "sha512-/o3jtkt0IT0aV074bmbUoCTa3eGj0OyZjnxs00MN5FkfvXvSXwA4FZroAdlme6linLm7vh+UtusorMRBXChG2A==",
      "cpu": [
        "arm64"
      ],
      "dev": true,
      "optional": true,
      "os": [
        "win32"
      ],
      "engines": {
        "node": ">= 10"
      }
    },
    "node_modules/@tauri-apps/cli-win32-ia32-msvc": {
      "version": "2.0.0-beta.11",
      "resolved": "https://registry.npmjs.org/@tauri-apps/cli-win32-ia32-msvc/-/cli-win32-ia32-msvc-2.0.0-beta.11.tgz",
      "integrity": "sha512-LQvFnrIrvmSXbbisWXjXXx2y7UtHcuH0PC6c8wgEFaFS3eYRvsnckICk+Rbn8Ulnyj6lPAiB0N7QhJxmtDzdaw==",
      "cpu": [
        "ia32"
      ],
      "dev": true,
      "optional": true,
      "os": [
        "win32"
      ],
      "engines": {
        "node": ">= 10"
      }
    },
    "node_modules/@tauri-apps/cli-win32-x64-msvc": {
      "version": "2.0.0-beta.11",
      "resolved": "https://registry.npmjs.org/@tauri-apps/cli-win32-x64-msvc/-/cli-win32-x64-msvc-2.0.0-beta.11.tgz",
      "integrity": "sha512-uJcQjR8tn44UlJXt+iGjIQLXp4ggug0KuwcYPXwD+ww3jV8RhHaPH2tPQ78ybgSJTIOsW41I9mE36Zcrso3oaQ==",
      "cpu": [
        "x64"
      ],
      "dev": true,
      "optional": true,
      "os": [
        "win32"
      ],
      "engines": {
        "node": ">= 10"
      }
    }
  }
}
